
Microsoft Visual Studio Solution File, Format Version 12.00
# Visual Studio Version 17
VisualStudioVersion = 17.13.35507.96
MinimumVisualStudioVersion = 10.0.40219.1
Project("{8BC9CEB8-8B4A-11D0-8D11-00A0C91BC942}") = "Day01HistorianHysteria1", "Day01HistorianHysteria1\Day01HistorianHysteria1.vcxproj", "{81385A11-69A4-46F3-AD3A-BDBF25A9153C}"
EndProject
Project("{8BC9CEB8-8B4A-11D0-8D11-00A0C91BC942}") = "Day01HistorianHysteria2", "Day01HistorianHysteria2\Day01HistorianHysteria2.vcxproj", "{7D8EF4A9-68D0-40DF-99F7-C5F0E78E7941}"
EndProject
Project("{8BC9CEB8-8B4A-11D0-8D11-00A0C91BC942}") = "Day02RedNosedReports1", "Day02RedNosedReports1\Day02RedNosedReports1.vcxproj", "{88647A2C-17F8-4EF5-B8A8-EAA0F38CBDA3}"
EndProject
Project("{8BC9CEB8-8B4A-11D0-8D11-00A0C91BC942}") = "Day02RedNosedReports2", "Day02RedNosedReports2\Day02RedNosedReports2.vcxproj", "{BEA12625-F51C-4A6E-A98E-C15696D75FED}"
EndProject
Project("{8BC9CEB8-8B4A-11D0-8D11-00A0C91BC942}") = "Day03MullItOver1", "Day03MullItOver1\Day03MullItOver1.vcxproj", "{842714E0-60B2-4EED-8B43-0B0BF9DED0D5}"
EndProject
Project("{8BC9CEB8-8B4A-11D0-8D11-00A0C91BC942}") = "Day03MullItOver2", "Day03MullItOver2\Day03MullItOver2.vcxproj", "{ED7F383F-1EF3-425C-A290-065449CAECC3}"
EndProject
Project("{8BC9CEB8-8B4A-11D0-8D11-00A0C91BC942}") = "Day04CeresSearch1", "Day04CeresSearch1\Day04CeresSearch1.vcxproj", "{8446A2F0-068A-465C-8590-0FF4995DEA85}"
EndProject
Project("{8BC9CEB8-8B4A-11D0-8D11-00A0C91BC942}") = "Day04CeresSearch2", "Day04CeresSearch2\Day04CeresSearch2.vcxproj", "{6BAD2F3C-7BF2-4626-BF17-2D63ABB14A38}"
EndProject
Project("{8BC9CEB8-8B4A-11D0-8D11-00A0C91BC942}") = "Day05PrintQueue1", "Day05PrintQueue1\Day05PrintQueue1.vcxproj", "{6CE8E8E2-E64A-48FD-BED8-DEC022A21030}"
EndProject
Project("{8BC9CEB8-8B4A-11D0-8D11-00A0C91BC942}") = "Day05PrintQueue2", "Day05PrintQueue2\Day05PrintQueue2.vcxproj", "{6586F6AF-027C-4184-AD99-573EF9049169}"
EndProject
Project("{8BC9CEB8-8B4A-11D0-8D11-00A0C91BC942}") = "Day06GuardGallivant1", "Day06GuardGallivant1\Day06GuardGallivant1.vcxproj", "{39B10F0B-C495-4E56-89D5-8AE53B856C36}"
EndProject
Project("{8BC9CEB8-8B4A-11D0-8D11-00A0C91BC942}") = "Day06GuardGallivant2", "Day06GuardGallivant2\Day06GuardGallivant2.vcxproj", "{7ABF0D40-8D95-41F7-B0E6-C8DC90586412}"
EndProject
Project("{8BC9CEB8-8B4A-11D0-8D11-00A0C91BC942}") = "Day07BridgeRepair1", "Day07BridgeRepair1\Day07BridgeRepair1.vcxproj", "{1F6E59D2-AAAC-4422-95AA-FD4492FDD6B6}"
EndProject
Project("{8BC9CEB8-8B4A-11D0-8D11-00A0C91BC942}") = "Day07BridgeRepair2", "Day07BridgeRepair2\Day07BridgeRepair2.vcxproj", "{216225F0-5BA6-488A-AA99-EB52C67505F6}"
EndProject
Project("{8BC9CEB8-8B4A-11D0-8D11-00A0C91BC942}") = "Day08ResonantCollinearity1", "Day08ResonantCollinearity1\Day08ResonantCollinearity1.vcxproj", "{EC226708-16EF-439D-AC4E-2A067655A46B}"
EndProject
Project("{8BC9CEB8-8B4A-11D0-8D11-00A0C91BC942}") = "Day08ResonantCollinearity2", "Day08ResonantCollinearity2\Day08ResonantCollinearity2.vcxproj", "{DF2E4382-3C73-45DB-B10C-E4BCF28B8CED}"
EndProject
Project("{8BC9CEB8-8B4A-11D0-8D11-00A0C91BC942}") = "Day09DiskFragmenter1", "Day09DiskFragmenter1\Day09DiskFragmenter1.vcxproj", "{9E6D239D-D2DD-4539-A7CA-53E76D4F2E2E}"
EndProject
Project("{8BC9CEB8-8B4A-11D0-8D11-00A0C91BC942}") = "Day09DiskFragmenter2", "Day09DiskFragmenter2\Day09DiskFragmenter2.vcxproj", "{421BDD58-60C4-45A1-8F15-0926CBB7B0C9}"
EndProject
Project("{8BC9CEB8-8B4A-11D0-8D11-00A0C91BC942}") = "Day10HoofIt1", "Day10HoofIt1\Day10HoofIt1.vcxproj", "{DCA3C557-2899-453E-8986-1D83F162BA9B}"
EndProject
Project("{8BC9CEB8-8B4A-11D0-8D11-00A0C91BC942}") = "Day10HoofIt2", "Day10HoofIt2\Day10HoofIt2.vcxproj", "{60D1C570-6A27-47F7-99F3-EEA34A20919E}"
EndProject
Project("{8BC9CEB8-8B4A-11D0-8D11-00A0C91BC942}") = "Day11PlutonianPebbles1", "Day11PlutonianPebbles1\Day11PlutonianPebbles1.vcxproj", "{9B4E61F7-E029-41AB-ADAE-B406C08793AE}"
EndProject
Project("{8BC9CEB8-8B4A-11D0-8D11-00A0C91BC942}") = "Day11PlutonianPebbles2", "Day11PlutonianPebbles2\Day11PlutonianPebbles2.vcxproj", "{EE035C0C-6812-48CD-8120-F51B3CE70B85}"
EndProject
Project("{8BC9CEB8-8B4A-11D0-8D11-00A0C91BC942}") = "Day12GardenGroups1", "Day12GardenGroups1\Day12GardenGroups1.vcxproj", "{BFE19DCC-E4E6-43C3-8649-0527FBCED0D1}"
EndProject
Project("{8BC9CEB8-8B4A-11D0-8D11-00A0C91BC942}") = "Day12GardenGroups2", "Day12GardenGroups2\Day12GardenGroups2.vcxproj", "{F6811993-4524-495B-8AC4-E2AB3E8A2D48}"
EndProject
Project("{8BC9CEB8-8B4A-11D0-8D11-00A0C91BC942}") = "Day13ClawContraption1", "Day13ClawContraption1\Day13ClawContraption1.vcxproj", "{7FE78173-936B-440C-8456-7ADA3B203A59}"
EndProject
Project("{8BC9CEB8-8B4A-11D0-8D11-00A0C91BC942}") = "Day13ClawContraption2", "Day13ClawContraption2\Day13ClawContraption2.vcxproj", "{DD0890E5-9E71-4FE8-BE38-DB699A75E673}"
EndProject
Project("{8BC9CEB8-8B4A-11D0-8D11-00A0C91BC942}") = "Day14RestroomRedoubt1", "Day14RestroomRedoubt1\Day14RestroomRedoubt1.vcxproj", "{B26E4D2C-93EF-4584-8EEC-67FBB3E74AEE}"
EndProject
Project("{8BC9CEB8-8B4A-11D0-8D11-00A0C91BC942}") = "Day14RestroomRedoubt2", "Day14RestroomRedoubt2\Day14RestroomRedoubt2.vcxproj", "{CD0746AA-903B-4FB0-B36E-5CE1803102F9}"
EndProject
Project("{8BC9CEB8-8B4A-11D0-8D11-00A0C91BC942}") = "Day15WarehouseWoes1", "Day15WarehouseWoes1\Day15WarehouseWoes1.vcxproj", "{31F58588-FE42-4528-B856-448BB0C98596}"
EndProject
Project("{8BC9CEB8-8B4A-11D0-8D11-00A0C91BC942}") = "Day15WarehouseWoes2", "Day15WarehouseWoes2\Day15WarehouseWoes2.vcxproj", "{CA6848B7-762F-4521-A7B7-007FB9314338}"
EndProject
Project("{8BC9CEB8-8B4A-11D0-8D11-00A0C91BC942}") = "Day16ReindeerMaze1", "Day16ReindeerMaze1\Day16ReindeerMaze1.vcxproj", "{1E3B8040-5BF6-4AA6-A102-CED866C36D1B}"
EndProject
Project("{8BC9CEB8-8B4A-11D0-8D11-00A0C91BC942}") = "Day16ReindeerMaze2", "Day16ReindeerMaze2\Day16ReindeerMaze2.vcxproj", "{015D2412-25DD-4CCD-9197-D5F38AFD35B7}"
EndProject
Project("{8BC9CEB8-8B4A-11D0-8D11-00A0C91BC942}") = "Day17ChronospatialComputer1", "Day17ChronospatialComputer1\Day17ChronospatialComputer1.vcxproj", "{31DD3692-A3C1-44F2-98C5-FFC0D61B3D5D}"
EndProject
Project("{8BC9CEB8-8B4A-11D0-8D11-00A0C91BC942}") = "Day17ChronospatialComputer2", "Day17ChronospatialComputer2\Day17ChronospatialComputer2.vcxproj", "{5D84FA74-DDDC-4AA6-B133-1F89236A7AA1}"
EndProject
Project("{8BC9CEB8-8B4A-11D0-8D11-00A0C91BC942}") = "Day18RAMRun1", "Day18RAMRun1\Day18RAMRun1.vcxproj", "{D598C247-4721-467E-8351-AA8C120B6082}"
EndProject
Project("{8BC9CEB8-8B4A-11D0-8D11-00A0C91BC942}") = "Day18RAMRun2", "Day18RAMRun2\Day18RAMRun2.vcxproj", "{C0254749-2279-4352-9460-F56D822C91ED}"
EndProject
Project("{8BC9CEB8-8B4A-11D0-8D11-00A0C91BC942}") = "Day19LinenLayout1", "Day19LinenLayout1\Day19LinenLayout1.vcxproj", "{A9C61342-985D-46B9-995F-7D0411D12C6B}"
EndProject
Project("{8BC9CEB8-8B4A-11D0-8D11-00A0C91BC942}") = "Day19LinenLayout2", "Day19LinenLayout2\Day19LinenLayout2.vcxproj", "{8AACC688-E500-4EFB-A3E8-3817C1A0193B}"
EndProject
Project("{8BC9CEB8-8B4A-11D0-8D11-00A0C91BC942}") = "Day20RaceCondition1", "Day20RaceCondition1\Day20RaceCondition1.vcxproj", "{D403805D-ED51-41B7-BF2B-47351A39A458}"
EndProject
Project("{8BC9CEB8-8B4A-11D0-8D11-00A0C91BC942}") = "Day20RaceCondition2", "Day20RaceCondition2\Day20RaceCondition2.vcxproj", "{4BDA6F4F-DCB9-4B8B-B1A0-8AD3F0B056E9}"
EndProject
Project("{8BC9CEB8-8B4A-11D0-8D11-00A0C91BC942}") = "Day21KeypadConundrum1", "Day21KeypadConundrum1\Day21KeypadConundrum1.vcxproj", "{F10F8064-74F7-4AE4-B857-3968501E04C1}"
EndProject
Project("{8BC9CEB8-8B4A-11D0-8D11-00A0C91BC942}") = "Day21KeypadConundrum2", "Day21KeypadConundrum2\Day21KeypadConundrum2.vcxproj", "{7AA3DB1E-0BD6-4784-863A-E0A9B2C3C89E}"
EndProject
Project("{8BC9CEB8-8B4A-11D0-8D11-00A0C91BC942}") = "Day22MonkeyMarket1", "Day22MonkeyMarket1\Day22MonkeyMarket1.vcxproj", "{EDC2649A-41BF-4E2D-957E-E15960FD5866}"
EndProject
Project("{8BC9CEB8-8B4A-11D0-8D11-00A0C91BC942}") = "Day22MonkeyMarket2", "Day22MonkeyMarket2\Day22MonkeyMarket2.vcxproj", "{C9A0EFFA-0350-46EE-B9CC-8E25713E6D4E}"
EndProject
Global
	GlobalSection(SolutionConfigurationPlatforms) = preSolution
		Debug|x64 = Debug|x64
		Debug|x86 = Debug|x86
		Release|x64 = Release|x64
		Release|x86 = Release|x86
	EndGlobalSection
	GlobalSection(ProjectConfigurationPlatforms) = postSolution
		{81385A11-69A4-46F3-AD3A-BDBF25A9153C}.Debug|x64.ActiveCfg = Debug|x64
		{81385A11-69A4-46F3-AD3A-BDBF25A9153C}.Debug|x64.Build.0 = Debug|x64
		{81385A11-69A4-46F3-AD3A-BDBF25A9153C}.Debug|x86.ActiveCfg = Debug|Win32
		{81385A11-69A4-46F3-AD3A-BDBF25A9153C}.Debug|x86.Build.0 = Debug|Win32
		{81385A11-69A4-46F3-AD3A-BDBF25A9153C}.Release|x64.ActiveCfg = Release|x64
		{81385A11-69A4-46F3-AD3A-BDBF25A9153C}.Release|x64.Build.0 = Release|x64
		{81385A11-69A4-46F3-AD3A-BDBF25A9153C}.Release|x86.ActiveCfg = Release|Win32
		{81385A11-69A4-46F3-AD3A-BDBF25A9153C}.Release|x86.Build.0 = Release|Win32
		{7D8EF4A9-68D0-40DF-99F7-C5F0E78E7941}.Debug|x64.ActiveCfg = Debug|x64
		{7D8EF4A9-68D0-40DF-99F7-C5F0E78E7941}.Debug|x64.Build.0 = Debug|x64
		{7D8EF4A9-68D0-40DF-99F7-C5F0E78E7941}.Debug|x86.ActiveCfg = Debug|Win32
		{7D8EF4A9-68D0-40DF-99F7-C5F0E78E7941}.Debug|x86.Build.0 = Debug|Win32
		{7D8EF4A9-68D0-40DF-99F7-C5F0E78E7941}.Release|x64.ActiveCfg = Release|x64
		{7D8EF4A9-68D0-40DF-99F7-C5F0E78E7941}.Release|x64.Build.0 = Release|x64
		{7D8EF4A9-68D0-40DF-99F7-C5F0E78E7941}.Release|x86.ActiveCfg = Release|Win32
		{7D8EF4A9-68D0-40DF-99F7-C5F0E78E7941}.Release|x86.Build.0 = Release|Win32
		{88647A2C-17F8-4EF5-B8A8-EAA0F38CBDA3}.Debug|x64.ActiveCfg = Debug|x64
		{88647A2C-17F8-4EF5-B8A8-EAA0F38CBDA3}.Debug|x64.Build.0 = Debug|x64
		{88647A2C-17F8-4EF5-B8A8-EAA0F38CBDA3}.Debug|x86.ActiveCfg = Debug|Win32
		{88647A2C-17F8-4EF5-B8A8-EAA0F38CBDA3}.Debug|x86.Build.0 = Debug|Win32
		{88647A2C-17F8-4EF5-B8A8-EAA0F38CBDA3}.Release|x64.ActiveCfg = Release|x64
		{88647A2C-17F8-4EF5-B8A8-EAA0F38CBDA3}.Release|x64.Build.0 = Release|x64
		{88647A2C-17F8-4EF5-B8A8-EAA0F38CBDA3}.Release|x86.ActiveCfg = Release|Win32
		{88647A2C-17F8-4EF5-B8A8-EAA0F38CBDA3}.Release|x86.Build.0 = Release|Win32
		{BEA12625-F51C-4A6E-A98E-C15696D75FED}.Debug|x64.ActiveCfg = Debug|x64
		{BEA12625-F51C-4A6E-A98E-C15696D75FED}.Debug|x64.Build.0 = Debug|x64
		{BEA12625-F51C-4A6E-A98E-C15696D75FED}.Debug|x86.ActiveCfg = Debug|Win32
		{BEA12625-F51C-4A6E-A98E-C15696D75FED}.Debug|x86.Build.0 = Debug|Win32
		{BEA12625-F51C-4A6E-A98E-C15696D75FED}.Release|x64.ActiveCfg = Release|x64
		{BEA12625-F51C-4A6E-A98E-C15696D75FED}.Release|x64.Build.0 = Release|x64
		{BEA12625-F51C-4A6E-A98E-C15696D75FED}.Release|x86.ActiveCfg = Release|Win32
		{BEA12625-F51C-4A6E-A98E-C15696D75FED}.Release|x86.Build.0 = Release|Win32
		{842714E0-60B2-4EED-8B43-0B0BF9DED0D5}.Debug|x64.ActiveCfg = Debug|x64
		{842714E0-60B2-4EED-8B43-0B0BF9DED0D5}.Debug|x64.Build.0 = Debug|x64
		{842714E0-60B2-4EED-8B43-0B0BF9DED0D5}.Debug|x86.ActiveCfg = Debug|Win32
		{842714E0-60B2-4EED-8B43-0B0BF9DED0D5}.Debug|x86.Build.0 = Debug|Win32
		{842714E0-60B2-4EED-8B43-0B0BF9DED0D5}.Release|x64.ActiveCfg = Release|x64
		{842714E0-60B2-4EED-8B43-0B0BF9DED0D5}.Release|x64.Build.0 = Release|x64
		{842714E0-60B2-4EED-8B43-0B0BF9DED0D5}.Release|x86.ActiveCfg = Release|Win32
		{842714E0-60B2-4EED-8B43-0B0BF9DED0D5}.Release|x86.Build.0 = Release|Win32
		{ED7F383F-1EF3-425C-A290-065449CAECC3}.Debug|x64.ActiveCfg = Debug|x64
		{ED7F383F-1EF3-425C-A290-065449CAECC3}.Debug|x64.Build.0 = Debug|x64
		{ED7F383F-1EF3-425C-A290-065449CAECC3}.Debug|x86.ActiveCfg = Debug|Win32
		{ED7F383F-1EF3-425C-A290-065449CAECC3}.Debug|x86.Build.0 = Debug|Win32
		{ED7F383F-1EF3-425C-A290-065449CAECC3}.Release|x64.ActiveCfg = Release|x64
		{ED7F383F-1EF3-425C-A290-065449CAECC3}.Release|x64.Build.0 = Release|x64
		{ED7F383F-1EF3-425C-A290-065449CAECC3}.Release|x86.ActiveCfg = Release|Win32
		{ED7F383F-1EF3-425C-A290-065449CAECC3}.Release|x86.Build.0 = Release|Win32
		{8446A2F0-068A-465C-8590-0FF4995DEA85}.Debug|x64.ActiveCfg = Debug|x64
		{8446A2F0-068A-465C-8590-0FF4995DEA85}.Debug|x64.Build.0 = Debug|x64
		{8446A2F0-068A-465C-8590-0FF4995DEA85}.Debug|x86.ActiveCfg = Debug|Win32
		{8446A2F0-068A-465C-8590-0FF4995DEA85}.Debug|x86.Build.0 = Debug|Win32
		{8446A2F0-068A-465C-8590-0FF4995DEA85}.Release|x64.ActiveCfg = Release|x64
		{8446A2F0-068A-465C-8590-0FF4995DEA85}.Release|x64.Build.0 = Release|x64
		{8446A2F0-068A-465C-8590-0FF4995DEA85}.Release|x86.ActiveCfg = Release|Win32
		{8446A2F0-068A-465C-8590-0FF4995DEA85}.Release|x86.Build.0 = Release|Win32
		{6BAD2F3C-7BF2-4626-BF17-2D63ABB14A38}.Debug|x64.ActiveCfg = Debug|x64
		{6BAD2F3C-7BF2-4626-BF17-2D63ABB14A38}.Debug|x64.Build.0 = Debug|x64
		{6BAD2F3C-7BF2-4626-BF17-2D63ABB14A38}.Debug|x86.ActiveCfg = Debug|Win32
		{6BAD2F3C-7BF2-4626-BF17-2D63ABB14A38}.Debug|x86.Build.0 = Debug|Win32
		{6BAD2F3C-7BF2-4626-BF17-2D63ABB14A38}.Release|x64.ActiveCfg = Release|x64
		{6BAD2F3C-7BF2-4626-BF17-2D63ABB14A38}.Release|x64.Build.0 = Release|x64
		{6BAD2F3C-7BF2-4626-BF17-2D63ABB14A38}.Release|x86.ActiveCfg = Release|Win32
		{6BAD2F3C-7BF2-4626-BF17-2D63ABB14A38}.Release|x86.Build.0 = Release|Win32
		{6CE8E8E2-E64A-48FD-BED8-DEC022A21030}.Debug|x64.ActiveCfg = Debug|x64
		{6CE8E8E2-E64A-48FD-BED8-DEC022A21030}.Debug|x64.Build.0 = Debug|x64
		{6CE8E8E2-E64A-48FD-BED8-DEC022A21030}.Debug|x86.ActiveCfg = Debug|Win32
		{6CE8E8E2-E64A-48FD-BED8-DEC022A21030}.Debug|x86.Build.0 = Debug|Win32
		{6CE8E8E2-E64A-48FD-BED8-DEC022A21030}.Release|x64.ActiveCfg = Release|x64
		{6CE8E8E2-E64A-48FD-BED8-DEC022A21030}.Release|x64.Build.0 = Release|x64
		{6CE8E8E2-E64A-48FD-BED8-DEC022A21030}.Release|x86.ActiveCfg = Release|Win32
		{6CE8E8E2-E64A-48FD-BED8-DEC022A21030}.Release|x86.Build.0 = Release|Win32
		{6586F6AF-027C-4184-AD99-573EF9049169}.Debug|x64.ActiveCfg = Debug|x64
		{6586F6AF-027C-4184-AD99-573EF9049169}.Debug|x64.Build.0 = Debug|x64
		{6586F6AF-027C-4184-AD99-573EF9049169}.Debug|x86.ActiveCfg = Debug|Win32
		{6586F6AF-027C-4184-AD99-573EF9049169}.Debug|x86.Build.0 = Debug|Win32
		{6586F6AF-027C-4184-AD99-573EF9049169}.Release|x64.ActiveCfg = Release|x64
		{6586F6AF-027C-4184-AD99-573EF9049169}.Release|x64.Build.0 = Release|x64
		{6586F6AF-027C-4184-AD99-573EF9049169}.Release|x86.ActiveCfg = Release|Win32
		{6586F6AF-027C-4184-AD99-573EF9049169}.Release|x86.Build.0 = Release|Win32
		{39B10F0B-C495-4E56-89D5-8AE53B856C36}.Debug|x64.ActiveCfg = Debug|x64
		{39B10F0B-C495-4E56-89D5-8AE53B856C36}.Debug|x64.Build.0 = Debug|x64
		{39B10F0B-C495-4E56-89D5-8AE53B856C36}.Debug|x86.ActiveCfg = Debug|Win32
		{39B10F0B-C495-4E56-89D5-8AE53B856C36}.Debug|x86.Build.0 = Debug|Win32
		{39B10F0B-C495-4E56-89D5-8AE53B856C36}.Release|x64.ActiveCfg = Release|x64
		{39B10F0B-C495-4E56-89D5-8AE53B856C36}.Release|x64.Build.0 = Release|x64
		{39B10F0B-C495-4E56-89D5-8AE53B856C36}.Release|x86.ActiveCfg = Release|Win32
		{39B10F0B-C495-4E56-89D5-8AE53B856C36}.Release|x86.Build.0 = Release|Win32
		{7ABF0D40-8D95-41F7-B0E6-C8DC90586412}.Debug|x64.ActiveCfg = Debug|x64
		{7ABF0D40-8D95-41F7-B0E6-C8DC90586412}.Debug|x64.Build.0 = Debug|x64
		{7ABF0D40-8D95-41F7-B0E6-C8DC90586412}.Debug|x86.ActiveCfg = Debug|Win32
		{7ABF0D40-8D95-41F7-B0E6-C8DC90586412}.Debug|x86.Build.0 = Debug|Win32
		{7ABF0D40-8D95-41F7-B0E6-C8DC90586412}.Release|x64.ActiveCfg = Release|x64
		{7ABF0D40-8D95-41F7-B0E6-C8DC90586412}.Release|x64.Build.0 = Release|x64
		{7ABF0D40-8D95-41F7-B0E6-C8DC90586412}.Release|x86.ActiveCfg = Release|Win32
		{7ABF0D40-8D95-41F7-B0E6-C8DC90586412}.Release|x86.Build.0 = Release|Win32
		{1F6E59D2-AAAC-4422-95AA-FD4492FDD6B6}.Debug|x64.ActiveCfg = Debug|x64
		{1F6E59D2-AAAC-4422-95AA-FD4492FDD6B6}.Debug|x64.Build.0 = Debug|x64
		{1F6E59D2-AAAC-4422-95AA-FD4492FDD6B6}.Debug|x86.ActiveCfg = Debug|Win32
		{1F6E59D2-AAAC-4422-95AA-FD4492FDD6B6}.Debug|x86.Build.0 = Debug|Win32
		{1F6E59D2-AAAC-4422-95AA-FD4492FDD6B6}.Release|x64.ActiveCfg = Release|x64
		{1F6E59D2-AAAC-4422-95AA-FD4492FDD6B6}.Release|x64.Build.0 = Release|x64
		{1F6E59D2-AAAC-4422-95AA-FD4492FDD6B6}.Release|x86.ActiveCfg = Release|Win32
		{1F6E59D2-AAAC-4422-95AA-FD4492FDD6B6}.Release|x86.Build.0 = Release|Win32
		{216225F0-5BA6-488A-AA99-EB52C67505F6}.Debug|x64.ActiveCfg = Debug|x64
		{216225F0-5BA6-488A-AA99-EB52C67505F6}.Debug|x64.Build.0 = Debug|x64
		{216225F0-5BA6-488A-AA99-EB52C67505F6}.Debug|x86.ActiveCfg = Debug|Win32
		{216225F0-5BA6-488A-AA99-EB52C67505F6}.Debug|x86.Build.0 = Debug|Win32
		{216225F0-5BA6-488A-AA99-EB52C67505F6}.Release|x64.ActiveCfg = Release|x64
		{216225F0-5BA6-488A-AA99-EB52C67505F6}.Release|x64.Build.0 = Release|x64
		{216225F0-5BA6-488A-AA99-EB52C67505F6}.Release|x86.ActiveCfg = Release|Win32
		{216225F0-5BA6-488A-AA99-EB52C67505F6}.Release|x86.Build.0 = Release|Win32
		{EC226708-16EF-439D-AC4E-2A067655A46B}.Debug|x64.ActiveCfg = Debug|x64
		{EC226708-16EF-439D-AC4E-2A067655A46B}.Debug|x64.Build.0 = Debug|x64
		{EC226708-16EF-439D-AC4E-2A067655A46B}.Debug|x86.ActiveCfg = Debug|Win32
		{EC226708-16EF-439D-AC4E-2A067655A46B}.Debug|x86.Build.0 = Debug|Win32
		{EC226708-16EF-439D-AC4E-2A067655A46B}.Release|x64.ActiveCfg = Release|x64
		{EC226708-16EF-439D-AC4E-2A067655A46B}.Release|x64.Build.0 = Release|x64
		{EC226708-16EF-439D-AC4E-2A067655A46B}.Release|x86.ActiveCfg = Release|Win32
		{EC226708-16EF-439D-AC4E-2A067655A46B}.Release|x86.Build.0 = Release|Win32
		{DF2E4382-3C73-45DB-B10C-E4BCF28B8CED}.Debug|x64.ActiveCfg = Debug|x64
		{DF2E4382-3C73-45DB-B10C-E4BCF28B8CED}.Debug|x64.Build.0 = Debug|x64
		{DF2E4382-3C73-45DB-B10C-E4BCF28B8CED}.Debug|x86.ActiveCfg = Debug|Win32
		{DF2E4382-3C73-45DB-B10C-E4BCF28B8CED}.Debug|x86.Build.0 = Debug|Win32
		{DF2E4382-3C73-45DB-B10C-E4BCF28B8CED}.Release|x64.ActiveCfg = Release|x64
		{DF2E4382-3C73-45DB-B10C-E4BCF28B8CED}.Release|x64.Build.0 = Release|x64
		{DF2E4382-3C73-45DB-B10C-E4BCF28B8CED}.Release|x86.ActiveCfg = Release|Win32
		{DF2E4382-3C73-45DB-B10C-E4BCF28B8CED}.Release|x86.Build.0 = Release|Win32
		{9E6D239D-D2DD-4539-A7CA-53E76D4F2E2E}.Debug|x64.ActiveCfg = Debug|x64
		{9E6D239D-D2DD-4539-A7CA-53E76D4F2E2E}.Debug|x64.Build.0 = Debug|x64
		{9E6D239D-D2DD-4539-A7CA-53E76D4F2E2E}.Debug|x86.ActiveCfg = Debug|Win32
		{9E6D239D-D2DD-4539-A7CA-53E76D4F2E2E}.Debug|x86.Build.0 = Debug|Win32
		{9E6D239D-D2DD-4539-A7CA-53E76D4F2E2E}.Release|x64.ActiveCfg = Release|x64
		{9E6D239D-D2DD-4539-A7CA-53E76D4F2E2E}.Release|x64.Build.0 = Release|x64
		{9E6D239D-D2DD-4539-A7CA-53E76D4F2E2E}.Release|x86.ActiveCfg = Release|Win32
		{9E6D239D-D2DD-4539-A7CA-53E76D4F2E2E}.Release|x86.Build.0 = Release|Win32
		{421BDD58-60C4-45A1-8F15-0926CBB7B0C9}.Debug|x64.ActiveCfg = Debug|x64
		{421BDD58-60C4-45A1-8F15-0926CBB7B0C9}.Debug|x64.Build.0 = Debug|x64
		{421BDD58-60C4-45A1-8F15-0926CBB7B0C9}.Debug|x86.ActiveCfg = Debug|Win32
		{421BDD58-60C4-45A1-8F15-0926CBB7B0C9}.Debug|x86.Build.0 = Debug|Win32
		{421BDD58-60C4-45A1-8F15-0926CBB7B0C9}.Release|x64.ActiveCfg = Release|x64
		{421BDD58-60C4-45A1-8F15-0926CBB7B0C9}.Release|x64.Build.0 = Release|x64
		{421BDD58-60C4-45A1-8F15-0926CBB7B0C9}.Release|x86.ActiveCfg = Release|Win32
		{421BDD58-60C4-45A1-8F15-0926CBB7B0C9}.Release|x86.Build.0 = Release|Win32
		{DCA3C557-2899-453E-8986-1D83F162BA9B}.Debug|x64.ActiveCfg = Debug|x64
		{DCA3C557-2899-453E-8986-1D83F162BA9B}.Debug|x64.Build.0 = Debug|x64
		{DCA3C557-2899-453E-8986-1D83F162BA9B}.Debug|x86.ActiveCfg = Debug|Win32
		{DCA3C557-2899-453E-8986-1D83F162BA9B}.Debug|x86.Build.0 = Debug|Win32
		{DCA3C557-2899-453E-8986-1D83F162BA9B}.Release|x64.ActiveCfg = Release|x64
		{DCA3C557-2899-453E-8986-1D83F162BA9B}.Release|x64.Build.0 = Release|x64
		{DCA3C557-2899-453E-8986-1D83F162BA9B}.Release|x86.ActiveCfg = Release|Win32
		{DCA3C557-2899-453E-8986-1D83F162BA9B}.Release|x86.Build.0 = Release|Win32
		{60D1C570-6A27-47F7-99F3-EEA34A20919E}.Debug|x64.ActiveCfg = Debug|x64
		{60D1C570-6A27-47F7-99F3-EEA34A20919E}.Debug|x64.Build.0 = Debug|x64
		{60D1C570-6A27-47F7-99F3-EEA34A20919E}.Debug|x86.ActiveCfg = Debug|Win32
		{60D1C570-6A27-47F7-99F3-EEA34A20919E}.Debug|x86.Build.0 = Debug|Win32
		{60D1C570-6A27-47F7-99F3-EEA34A20919E}.Release|x64.ActiveCfg = Release|x64
		{60D1C570-6A27-47F7-99F3-EEA34A20919E}.Release|x64.Build.0 = Release|x64
		{60D1C570-6A27-47F7-99F3-EEA34A20919E}.Release|x86.ActiveCfg = Release|Win32
		{60D1C570-6A27-47F7-99F3-EEA34A20919E}.Release|x86.Build.0 = Release|Win32
		{9B4E61F7-E029-41AB-ADAE-B406C08793AE}.Debug|x64.ActiveCfg = Debug|x64
		{9B4E61F7-E029-41AB-ADAE-B406C08793AE}.Debug|x64.Build.0 = Debug|x64
		{9B4E61F7-E029-41AB-ADAE-B406C08793AE}.Debug|x86.ActiveCfg = Debug|Win32
		{9B4E61F7-E029-41AB-ADAE-B406C08793AE}.Debug|x86.Build.0 = Debug|Win32
		{9B4E61F7-E029-41AB-ADAE-B406C08793AE}.Release|x64.ActiveCfg = Release|x64
		{9B4E61F7-E029-41AB-ADAE-B406C08793AE}.Release|x64.Build.0 = Release|x64
		{9B4E61F7-E029-41AB-ADAE-B406C08793AE}.Release|x86.ActiveCfg = Release|Win32
		{9B4E61F7-E029-41AB-ADAE-B406C08793AE}.Release|x86.Build.0 = Release|Win32
		{EE035C0C-6812-48CD-8120-F51B3CE70B85}.Debug|x64.ActiveCfg = Debug|x64
		{EE035C0C-6812-48CD-8120-F51B3CE70B85}.Debug|x64.Build.0 = Debug|x64
		{EE035C0C-6812-48CD-8120-F51B3CE70B85}.Debug|x86.ActiveCfg = Debug|Win32
		{EE035C0C-6812-48CD-8120-F51B3CE70B85}.Debug|x86.Build.0 = Debug|Win32
		{EE035C0C-6812-48CD-8120-F51B3CE70B85}.Release|x64.ActiveCfg = Release|x64
		{EE035C0C-6812-48CD-8120-F51B3CE70B85}.Release|x64.Build.0 = Release|x64
		{EE035C0C-6812-48CD-8120-F51B3CE70B85}.Release|x86.ActiveCfg = Release|Win32
		{EE035C0C-6812-48CD-8120-F51B3CE70B85}.Release|x86.Build.0 = Release|Win32
		{BFE19DCC-E4E6-43C3-8649-0527FBCED0D1}.Debug|x64.ActiveCfg = Debug|x64
		{BFE19DCC-E4E6-43C3-8649-0527FBCED0D1}.Debug|x64.Build.0 = Debug|x64
		{BFE19DCC-E4E6-43C3-8649-0527FBCED0D1}.Debug|x86.ActiveCfg = Debug|Win32
		{BFE19DCC-E4E6-43C3-8649-0527FBCED0D1}.Debug|x86.Build.0 = Debug|Win32
		{BFE19DCC-E4E6-43C3-8649-0527FBCED0D1}.Release|x64.ActiveCfg = Release|x64
		{BFE19DCC-E4E6-43C3-8649-0527FBCED0D1}.Release|x64.Build.0 = Release|x64
		{BFE19DCC-E4E6-43C3-8649-0527FBCED0D1}.Release|x86.ActiveCfg = Release|Win32
		{BFE19DCC-E4E6-43C3-8649-0527FBCED0D1}.Release|x86.Build.0 = Release|Win32
		{F6811993-4524-495B-8AC4-E2AB3E8A2D48}.Debug|x64.ActiveCfg = Debug|x64
		{F6811993-4524-495B-8AC4-E2AB3E8A2D48}.Debug|x64.Build.0 = Debug|x64
		{F6811993-4524-495B-8AC4-E2AB3E8A2D48}.Debug|x86.ActiveCfg = Debug|Win32
		{F6811993-4524-495B-8AC4-E2AB3E8A2D48}.Debug|x86.Build.0 = Debug|Win32
		{F6811993-4524-495B-8AC4-E2AB3E8A2D48}.Release|x64.ActiveCfg = Release|x64
		{F6811993-4524-495B-8AC4-E2AB3E8A2D48}.Release|x64.Build.0 = Release|x64
		{F6811993-4524-495B-8AC4-E2AB3E8A2D48}.Release|x86.ActiveCfg = Release|Win32
		{F6811993-4524-495B-8AC4-E2AB3E8A2D48}.Release|x86.Build.0 = Release|Win32
		{7FE78173-936B-440C-8456-7ADA3B203A59}.Debug|x64.ActiveCfg = Debug|x64
		{7FE78173-936B-440C-8456-7ADA3B203A59}.Debug|x64.Build.0 = Debug|x64
		{7FE78173-936B-440C-8456-7ADA3B203A59}.Debug|x86.ActiveCfg = Debug|Win32
		{7FE78173-936B-440C-8456-7ADA3B203A59}.Debug|x86.Build.0 = Debug|Win32
		{7FE78173-936B-440C-8456-7ADA3B203A59}.Release|x64.ActiveCfg = Release|x64
		{7FE78173-936B-440C-8456-7ADA3B203A59}.Release|x64.Build.0 = Release|x64
		{7FE78173-936B-440C-8456-7ADA3B203A59}.Release|x86.ActiveCfg = Release|Win32
		{7FE78173-936B-440C-8456-7ADA3B203A59}.Release|x86.Build.0 = Release|Win32
		{DD0890E5-9E71-4FE8-BE38-DB699A75E673}.Debug|x64.ActiveCfg = Debug|x64
		{DD0890E5-9E71-4FE8-BE38-DB699A75E673}.Debug|x64.Build.0 = Debug|x64
		{DD0890E5-9E71-4FE8-BE38-DB699A75E673}.Debug|x86.ActiveCfg = Debug|Win32
		{DD0890E5-9E71-4FE8-BE38-DB699A75E673}.Debug|x86.Build.0 = Debug|Win32
		{DD0890E5-9E71-4FE8-BE38-DB699A75E673}.Release|x64.ActiveCfg = Release|x64
		{DD0890E5-9E71-4FE8-BE38-DB699A75E673}.Release|x64.Build.0 = Release|x64
		{DD0890E5-9E71-4FE8-BE38-DB699A75E673}.Release|x86.ActiveCfg = Release|Win32
		{DD0890E5-9E71-4FE8-BE38-DB699A75E673}.Release|x86.Build.0 = Release|Win32
		{B26E4D2C-93EF-4584-8EEC-67FBB3E74AEE}.Debug|x64.ActiveCfg = Debug|x64
		{B26E4D2C-93EF-4584-8EEC-67FBB3E74AEE}.Debug|x64.Build.0 = Debug|x64
		{B26E4D2C-93EF-4584-8EEC-67FBB3E74AEE}.Debug|x86.ActiveCfg = Debug|Win32
		{B26E4D2C-93EF-4584-8EEC-67FBB3E74AEE}.Debug|x86.Build.0 = Debug|Win32
		{B26E4D2C-93EF-4584-8EEC-67FBB3E74AEE}.Release|x64.ActiveCfg = Release|x64
		{B26E4D2C-93EF-4584-8EEC-67FBB3E74AEE}.Release|x64.Build.0 = Release|x64
		{B26E4D2C-93EF-4584-8EEC-67FBB3E74AEE}.Release|x86.ActiveCfg = Release|Win32
		{B26E4D2C-93EF-4584-8EEC-67FBB3E74AEE}.Release|x86.Build.0 = Release|Win32
		{CD0746AA-903B-4FB0-B36E-5CE1803102F9}.Debug|x64.ActiveCfg = Debug|x64
		{CD0746AA-903B-4FB0-B36E-5CE1803102F9}.Debug|x64.Build.0 = Debug|x64
		{CD0746AA-903B-4FB0-B36E-5CE1803102F9}.Debug|x86.ActiveCfg = Debug|Win32
		{CD0746AA-903B-4FB0-B36E-5CE1803102F9}.Debug|x86.Build.0 = Debug|Win32
		{CD0746AA-903B-4FB0-B36E-5CE1803102F9}.Release|x64.ActiveCfg = Release|x64
		{CD0746AA-903B-4FB0-B36E-5CE1803102F9}.Release|x64.Build.0 = Release|x64
		{CD0746AA-903B-4FB0-B36E-5CE1803102F9}.Release|x86.ActiveCfg = Release|Win32
		{CD0746AA-903B-4FB0-B36E-5CE1803102F9}.Release|x86.Build.0 = Release|Win32
		{31F58588-FE42-4528-B856-448BB0C98596}.Debug|x64.ActiveCfg = Debug|x64
		{31F58588-FE42-4528-B856-448BB0C98596}.Debug|x64.Build.0 = Debug|x64
		{31F58588-FE42-4528-B856-448BB0C98596}.Debug|x86.ActiveCfg = Debug|Win32
		{31F58588-FE42-4528-B856-448BB0C98596}.Debug|x86.Build.0 = Debug|Win32
		{31F58588-FE42-4528-B856-448BB0C98596}.Release|x64.ActiveCfg = Release|x64
		{31F58588-FE42-4528-B856-448BB0C98596}.Release|x64.Build.0 = Release|x64
		{31F58588-FE42-4528-B856-448BB0C98596}.Release|x86.ActiveCfg = Release|Win32
		{31F58588-FE42-4528-B856-448BB0C98596}.Release|x86.Build.0 = Release|Win32
		{CA6848B7-762F-4521-A7B7-007FB9314338}.Debug|x64.ActiveCfg = Debug|x64
		{CA6848B7-762F-4521-A7B7-007FB9314338}.Debug|x64.Build.0 = Debug|x64
		{CA6848B7-762F-4521-A7B7-007FB9314338}.Debug|x86.ActiveCfg = Debug|Win32
		{CA6848B7-762F-4521-A7B7-007FB9314338}.Debug|x86.Build.0 = Debug|Win32
		{CA6848B7-762F-4521-A7B7-007FB9314338}.Release|x64.ActiveCfg = Release|x64
		{CA6848B7-762F-4521-A7B7-007FB9314338}.Release|x64.Build.0 = Release|x64
		{CA6848B7-762F-4521-A7B7-007FB9314338}.Release|x86.ActiveCfg = Release|Win32
		{CA6848B7-762F-4521-A7B7-007FB9314338}.Release|x86.Build.0 = Release|Win32
		{1E3B8040-5BF6-4AA6-A102-CED866C36D1B}.Debug|x64.ActiveCfg = Debug|x64
		{1E3B8040-5BF6-4AA6-A102-CED866C36D1B}.Debug|x64.Build.0 = Debug|x64
		{1E3B8040-5BF6-4AA6-A102-CED866C36D1B}.Debug|x86.ActiveCfg = Debug|Win32
		{1E3B8040-5BF6-4AA6-A102-CED866C36D1B}.Debug|x86.Build.0 = Debug|Win32
		{1E3B8040-5BF6-4AA6-A102-CED866C36D1B}.Release|x64.ActiveCfg = Release|x64
		{1E3B8040-5BF6-4AA6-A102-CED866C36D1B}.Release|x64.Build.0 = Release|x64
		{1E3B8040-5BF6-4AA6-A102-CED866C36D1B}.Release|x86.ActiveCfg = Release|Win32
		{1E3B8040-5BF6-4AA6-A102-CED866C36D1B}.Release|x86.Build.0 = Release|Win32
		{015D2412-25DD-4CCD-9197-D5F38AFD35B7}.Debug|x64.ActiveCfg = Debug|x64
		{015D2412-25DD-4CCD-9197-D5F38AFD35B7}.Debug|x64.Build.0 = Debug|x64
		{015D2412-25DD-4CCD-9197-D5F38AFD35B7}.Debug|x86.ActiveCfg = Debug|Win32
		{015D2412-25DD-4CCD-9197-D5F38AFD35B7}.Debug|x86.Build.0 = Debug|Win32
		{015D2412-25DD-4CCD-9197-D5F38AFD35B7}.Release|x64.ActiveCfg = Release|x64
		{015D2412-25DD-4CCD-9197-D5F38AFD35B7}.Release|x64.Build.0 = Release|x64
		{015D2412-25DD-4CCD-9197-D5F38AFD35B7}.Release|x86.ActiveCfg = Release|Win32
		{015D2412-25DD-4CCD-9197-D5F38AFD35B7}.Release|x86.Build.0 = Release|Win32
		{31DD3692-A3C1-44F2-98C5-FFC0D61B3D5D}.Debug|x64.ActiveCfg = Debug|x64
		{31DD3692-A3C1-44F2-98C5-FFC0D61B3D5D}.Debug|x64.Build.0 = Debug|x64
		{31DD3692-A3C1-44F2-98C5-FFC0D61B3D5D}.Debug|x86.ActiveCfg = Debug|Win32
		{31DD3692-A3C1-44F2-98C5-FFC0D61B3D5D}.Debug|x86.Build.0 = Debug|Win32
		{31DD3692-A3C1-44F2-98C5-FFC0D61B3D5D}.Release|x64.ActiveCfg = Release|x64
		{31DD3692-A3C1-44F2-98C5-FFC0D61B3D5D}.Release|x64.Build.0 = Release|x64
		{31DD3692-A3C1-44F2-98C5-FFC0D61B3D5D}.Release|x86.ActiveCfg = Release|Win32
		{31DD3692-A3C1-44F2-98C5-FFC0D61B3D5D}.Release|x86.Build.0 = Release|Win32
		{5D84FA74-DDDC-4AA6-B133-1F89236A7AA1}.Debug|x64.ActiveCfg = Debug|x64
		{5D84FA74-DDDC-4AA6-B133-1F89236A7AA1}.Debug|x64.Build.0 = Debug|x64
		{5D84FA74-DDDC-4AA6-B133-1F89236A7AA1}.Debug|x86.ActiveCfg = Debug|Win32
		{5D84FA74-DDDC-4AA6-B133-1F89236A7AA1}.Debug|x86.Build.0 = Debug|Win32
		{5D84FA74-DDDC-4AA6-B133-1F89236A7AA1}.Release|x64.ActiveCfg = Release|x64
		{5D84FA74-DDDC-4AA6-B133-1F89236A7AA1}.Release|x64.Build.0 = Release|x64
		{5D84FA74-DDDC-4AA6-B133-1F89236A7AA1}.Release|x86.ActiveCfg = Release|Win32
		{5D84FA74-DDDC-4AA6-B133-1F89236A7AA1}.Release|x86.Build.0 = Release|Win32
		{D598C247-4721-467E-8351-AA8C120B6082}.Debug|x64.ActiveCfg = Debug|x64
		{D598C247-4721-467E-8351-AA8C120B6082}.Debug|x64.Build.0 = Debug|x64
		{D598C247-4721-467E-8351-AA8C120B6082}.Debug|x86.ActiveCfg = Debug|Win32
		{D598C247-4721-467E-8351-AA8C120B6082}.Debug|x86.Build.0 = Debug|Win32
		{D598C247-4721-467E-8351-AA8C120B6082}.Release|x64.ActiveCfg = Release|x64
		{D598C247-4721-467E-8351-AA8C120B6082}.Release|x64.Build.0 = Release|x64
		{D598C247-4721-467E-8351-AA8C120B6082}.Release|x86.ActiveCfg = Release|Win32
		{D598C247-4721-467E-8351-AA8C120B6082}.Release|x86.Build.0 = Release|Win32
		{C0254749-2279-4352-9460-F56D822C91ED}.Debug|x64.ActiveCfg = Debug|x64
		{C0254749-2279-4352-9460-F56D822C91ED}.Debug|x64.Build.0 = Debug|x64
		{C0254749-2279-4352-9460-F56D822C91ED}.Debug|x86.ActiveCfg = Debug|Win32
		{C0254749-2279-4352-9460-F56D822C91ED}.Debug|x86.Build.0 = Debug|Win32
		{C0254749-2279-4352-9460-F56D822C91ED}.Release|x64.ActiveCfg = Release|x64
		{C0254749-2279-4352-9460-F56D822C91ED}.Release|x64.Build.0 = Release|x64
		{C0254749-2279-4352-9460-F56D822C91ED}.Release|x86.ActiveCfg = Release|Win32
		{C0254749-2279-4352-9460-F56D822C91ED}.Release|x86.Build.0 = Release|Win32
		{A9C61342-985D-46B9-995F-7D0411D12C6B}.Debug|x64.ActiveCfg = Debug|x64
		{A9C61342-985D-46B9-995F-7D0411D12C6B}.Debug|x64.Build.0 = Debug|x64
		{A9C61342-985D-46B9-995F-7D0411D12C6B}.Debug|x86.ActiveCfg = Debug|Win32
		{A9C61342-985D-46B9-995F-7D0411D12C6B}.Debug|x86.Build.0 = Debug|Win32
		{A9C61342-985D-46B9-995F-7D0411D12C6B}.Release|x64.ActiveCfg = Release|x64
		{A9C61342-985D-46B9-995F-7D0411D12C6B}.Release|x64.Build.0 = Release|x64
		{A9C61342-985D-46B9-995F-7D0411D12C6B}.Release|x86.ActiveCfg = Release|Win32
		{A9C61342-985D-46B9-995F-7D0411D12C6B}.Release|x86.Build.0 = Release|Win32
		{8AACC688-E500-4EFB-A3E8-3817C1A0193B}.Debug|x64.ActiveCfg = Debug|x64
		{8AACC688-E500-4EFB-A3E8-3817C1A0193B}.Debug|x64.Build.0 = Debug|x64
		{8AACC688-E500-4EFB-A3E8-3817C1A0193B}.Debug|x86.ActiveCfg = Debug|Win32
		{8AACC688-E500-4EFB-A3E8-3817C1A0193B}.Debug|x86.Build.0 = Debug|Win32
		{8AACC688-E500-4EFB-A3E8-3817C1A0193B}.Release|x64.ActiveCfg = Release|x64
		{8AACC688-E500-4EFB-A3E8-3817C1A0193B}.Release|x64.Build.0 = Release|x64
		{8AACC688-E500-4EFB-A3E8-3817C1A0193B}.Release|x86.ActiveCfg = Release|Win32
		{8AACC688-E500-4EFB-A3E8-3817C1A0193B}.Release|x86.Build.0 = Release|Win32
		{D403805D-ED51-41B7-BF2B-47351A39A458}.Debug|x64.ActiveCfg = Debug|x64
		{D403805D-ED51-41B7-BF2B-47351A39A458}.Debug|x64.Build.0 = Debug|x64
		{D403805D-ED51-41B7-BF2B-47351A39A458}.Debug|x86.ActiveCfg = Debug|Win32
		{D403805D-ED51-41B7-BF2B-47351A39A458}.Debug|x86.Build.0 = Debug|Win32
		{D403805D-ED51-41B7-BF2B-47351A39A458}.Release|x64.ActiveCfg = Release|x64
		{D403805D-ED51-41B7-BF2B-47351A39A458}.Release|x64.Build.0 = Release|x64
		{D403805D-ED51-41B7-BF2B-47351A39A458}.Release|x86.ActiveCfg = Release|Win32
		{D403805D-ED51-41B7-BF2B-47351A39A458}.Release|x86.Build.0 = Release|Win32
		{4BDA6F4F-DCB9-4B8B-B1A0-8AD3F0B056E9}.Debug|x64.ActiveCfg = Debug|x64
		{4BDA6F4F-DCB9-4B8B-B1A0-8AD3F0B056E9}.Debug|x64.Build.0 = Debug|x64
		{4BDA6F4F-DCB9-4B8B-B1A0-8AD3F0B056E9}.Debug|x86.ActiveCfg = Debug|Win32
		{4BDA6F4F-DCB9-4B8B-B1A0-8AD3F0B056E9}.Debug|x86.Build.0 = Debug|Win32
		{4BDA6F4F-DCB9-4B8B-B1A0-8AD3F0B056E9}.Release|x64.ActiveCfg = Release|x64
		{4BDA6F4F-DCB9-4B8B-B1A0-8AD3F0B056E9}.Release|x64.Build.0 = Release|x64
		{4BDA6F4F-DCB9-4B8B-B1A0-8AD3F0B056E9}.Release|x86.ActiveCfg = Release|Win32
		{4BDA6F4F-DCB9-4B8B-B1A0-8AD3F0B056E9}.Release|x86.Build.0 = Release|Win32
		{F10F8064-74F7-4AE4-B857-3968501E04C1}.Debug|x64.ActiveCfg = Debug|x64
		{F10F8064-74F7-4AE4-B857-3968501E04C1}.Debug|x64.Build.0 = Debug|x64
		{F10F8064-74F7-4AE4-B857-3968501E04C1}.Debug|x86.ActiveCfg = Debug|Win32
		{F10F8064-74F7-4AE4-B857-3968501E04C1}.Debug|x86.Build.0 = Debug|Win32
		{F10F8064-74F7-4AE4-B857-3968501E04C1}.Release|x64.ActiveCfg = Release|x64
		{F10F8064-74F7-4AE4-B857-3968501E04C1}.Release|x64.Build.0 = Release|x64
		{F10F8064-74F7-4AE4-B857-3968501E04C1}.Release|x86.ActiveCfg = Release|Win32
		{F10F8064-74F7-4AE4-B857-3968501E04C1}.Release|x86.Build.0 = Release|Win32
		{7AA3DB1E-0BD6-4784-863A-E0A9B2C3C89E}.Debug|x64.ActiveCfg = Debug|x64
		{7AA3DB1E-0BD6-4784-863A-E0A9B2C3C89E}.Debug|x64.Build.0 = Debug|x64
		{7AA3DB1E-0BD6-4784-863A-E0A9B2C3C89E}.Debug|x86.ActiveCfg = Debug|Win32
		{7AA3DB1E-0BD6-4784-863A-E0A9B2C3C89E}.Debug|x86.Build.0 = Debug|Win32
		{7AA3DB1E-0BD6-4784-863A-E0A9B2C3C89E}.Release|x64.ActiveCfg = Release|x64
		{7AA3DB1E-0BD6-4784-863A-E0A9B2C3C89E}.Release|x64.Build.0 = Release|x64
		{7AA3DB1E-0BD6-4784-863A-E0A9B2C3C89E}.Release|x86.ActiveCfg = Release|Win32
		{7AA3DB1E-0BD6-4784-863A-E0A9B2C3C89E}.Release|x86.Build.0 = Release|Win32
		{EDC2649A-41BF-4E2D-957E-E15960FD5866}.Debug|x64.ActiveCfg = Debug|x64
		{EDC2649A-41BF-4E2D-957E-E15960FD5866}.Debug|x64.Build.0 = Debug|x64
		{EDC2649A-41BF-4E2D-957E-E15960FD5866}.Debug|x86.ActiveCfg = Debug|Win32
		{EDC2649A-41BF-4E2D-957E-E15960FD5866}.Debug|x86.Build.0 = Debug|Win32
		{EDC2649A-41BF-4E2D-957E-E15960FD5866}.Release|x64.ActiveCfg = Release|x64
		{EDC2649A-41BF-4E2D-957E-E15960FD5866}.Release|x64.Build.0 = Release|x64
		{EDC2649A-41BF-4E2D-957E-E15960FD5866}.Release|x86.ActiveCfg = Release|Win32
		{EDC2649A-41BF-4E2D-957E-E15960FD5866}.Release|x86.Build.0 = Release|Win32
		{C9A0EFFA-0350-46EE-B9CC-8E25713E6D4E}.Debug|x64.ActiveCfg = Debug|x64
		{C9A0EFFA-0350-46EE-B9CC-8E25713E6D4E}.Debug|x64.Build.0 = Debug|x64
		{C9A0EFFA-0350-46EE-B9CC-8E25713E6D4E}.Debug|x86.ActiveCfg = Debug|Win32
		{C9A0EFFA-0350-46EE-B9CC-8E25713E6D4E}.Debug|x86.Build.0 = Debug|Win32
		{C9A0EFFA-0350-46EE-B9CC-8E25713E6D4E}.Release|x64.ActiveCfg = Release|x64
		{C9A0EFFA-0350-46EE-B9CC-8E25713E6D4E}.Release|x64.Build.0 = Release|x64
		{C9A0EFFA-0350-46EE-B9CC-8E25713E6D4E}.Release|x86.ActiveCfg = Release|Win32
		{C9A0EFFA-0350-46EE-B9CC-8E25713E6D4E}.Release|x86.Build.0 = Release|Win32
	EndGlobalSection
	GlobalSection(SolutionProperties) = preSolution
		HideSolutionNode = FALSE
	EndGlobalSection
	GlobalSection(ExtensibilityGlobals) = postSolution
		SolutionGuid = {EDB5F5E4-FD82-421A-B022-11FEA90948AE}
	EndGlobalSection
EndGlobal
