
Microsoft Visual Studio Solution File, Format Version 12.00
# Visual Studio Version 17
VisualStudioVersion = 17.13.35507.96
MinimumVisualStudioVersion = 10.0.40219.1
Project("{8BC9CEB8-8B4A-11D0-8D11-00A0C91BC942}") = "Day01HistorianHysteria1", "Day01HistorianHysteria1\Day01HistorianHysteria1.vcxproj", "{81385A11-69A4-46F3-AD3A-BDBF25A9153C}"
EndProject
Project("{8BC9CEB8-8B4A-11D0-8D11-00A0C91BC942}") = "Day01HistorianHysteria2", "Day01HistorianHysteria2\Day01HistorianHysteria2.vcxproj", "{7D8EF4A9-68D0-40DF-99F7-C5F0E78E7941}"
EndProject
Project("{8BC9CEB8-8B4A-11D0-8D11-00A0C91BC942}") = "Day02RedNosedReports1", "Day02RedNosedReports1\Day02RedNosedReports1.vcxproj", "{88647A2C-17F8-4EF5-B8A8-EAA0F38CBDA3}"
EndProject
Project("{8BC9CEB8-8B4A-11D0-8D11-00A0C91BC942}") = "Day02RedNosedReports2", "Day02RedNosedReports2\Day02RedNosedReports2.vcxproj", "{BEA12625-F51C-4A6E-A98E-C15696D75FED}"
EndProject
Project("{8BC9CEB8-8B4A-11D0-8D11-00A0C91BC942}") = "Day03MullItOver1", "Day03MullItOver1\Day03MullItOver1.vcxproj", "{842714E0-60B2-4EED-8B43-0B0BF9DED0D5}"
EndProject
Project("{8BC9CEB8-8B4A-11D0-8D11-00A0C91BC942}") = "Day03MullItOver2", "Day03MullItOver2\Day03MullItOver2.vcxproj", "{ED7F383F-1EF3-425C-A290-065449CAECC3}"
EndProject
Project("{8BC9CEB8-8B4A-11D0-8D11-00A0C91BC942}") = "Day04CeresSearch1", "Day04CeresSearch1\Day04CeresSearch1.vcxproj", "{8446A2F0-068A-465C-8590-0FF4995DEA85}"
EndProject
Project("{8BC9CEB8-8B4A-11D0-8D11-00A0C91BC942}") = "Day04CeresSearch2", "Day04CeresSearch2\Day04CeresSearch2.vcxproj", "{6BAD2F3C-7BF2-4626-BF17-2D63ABB14A38}"
EndProject
Project("{8BC9CEB8-8B4A-11D0-8D11-00A0C91BC942}") = "Day05PrintQueue1", "Day05PrintQueue1\Day05PrintQueue1.vcxproj", "{6CE8E8E2-E64A-48FD-BED8-DEC022A21030}"
EndProject
Project("{8BC9CEB8-8B4A-11D0-8D11-00A0C91BC942}") = "Day05PrintQueue2", "Day05PrintQueue2\Day05PrintQueue2.vcxproj", "{6586F6AF-027C-4184-AD99-573EF9049169}"
EndProject
Project("{8BC9CEB8-8B4A-11D0-8D11-00A0C91BC942}") = "Day06GuardGallivant1", "Day06GuardGallivant1\Day06GuardGallivant1.vcxproj", "{39B10F0B-C495-4E56-89D5-8AE53B856C36}"
EndProject
Project("{8BC9CEB8-8B4A-11D0-8D11-00A0C91BC942}") = "Day06GuardGallivant2", "Day06GuardGallivant2\Day06GuardGallivant2.vcxproj", "{7ABF0D40-8D95-41F7-B0E6-C8DC90586412}"
EndProject
Project("{8BC9CEB8-8B4A-11D0-8D11-00A0C91BC942}") = "Day07BridgeRepair1", "Day07BridgeRepair1\Day07BridgeRepair1.vcxproj", "{1F6E59D2-AAAC-4422-95AA-FD4492FDD6B6}"
EndProject
Project("{8BC9CEB8-8B4A-11D0-8D11-00A0C91BC942}") = "Day07BridgeRepair2", "Day07BridgeRepair2\Day07BridgeRepair2.vcxproj", "{216225F0-5BA6-488A-AA99-EB52C67505F6}"
EndProject
Project("{8BC9CEB8-8B4A-11D0-8D11-00A0C91BC942}") = "Day08ResonantCollinearity1", "Day08ResonantCollinearity1\Day08ResonantCollinearity1.vcxproj", "{EC226708-16EF-439D-AC4E-2A067655A46B}"
EndProject
Global
	GlobalSection(SolutionConfigurationPlatforms) = preSolution
		Debug|x64 = Debug|x64
		Debug|x86 = Debug|x86
		Release|x64 = Release|x64
		Release|x86 = Release|x86
	EndGlobalSection
	GlobalSection(ProjectConfigurationPlatforms) = postSolution
		{81385A11-69A4-46F3-AD3A-BDBF25A9153C}.Debug|x64.ActiveCfg = Debug|x64
		{81385A11-69A4-46F3-AD3A-BDBF25A9153C}.Debug|x64.Build.0 = Debug|x64
		{81385A11-69A4-46F3-AD3A-BDBF25A9153C}.Debug|x86.ActiveCfg = Debug|Win32
		{81385A11-69A4-46F3-AD3A-BDBF25A9153C}.Debug|x86.Build.0 = Debug|Win32
		{81385A11-69A4-46F3-AD3A-BDBF25A9153C}.Release|x64.ActiveCfg = Release|x64
		{81385A11-69A4-46F3-AD3A-BDBF25A9153C}.Release|x64.Build.0 = Release|x64
		{81385A11-69A4-46F3-AD3A-BDBF25A9153C}.Release|x86.ActiveCfg = Release|Win32
		{81385A11-69A4-46F3-AD3A-BDBF25A9153C}.Release|x86.Build.0 = Release|Win32
		{7D8EF4A9-68D0-40DF-99F7-C5F0E78E7941}.Debug|x64.ActiveCfg = Debug|x64
		{7D8EF4A9-68D0-40DF-99F7-C5F0E78E7941}.Debug|x64.Build.0 = Debug|x64
		{7D8EF4A9-68D0-40DF-99F7-C5F0E78E7941}.Debug|x86.ActiveCfg = Debug|Win32
		{7D8EF4A9-68D0-40DF-99F7-C5F0E78E7941}.Debug|x86.Build.0 = Debug|Win32
		{7D8EF4A9-68D0-40DF-99F7-C5F0E78E7941}.Release|x64.ActiveCfg = Release|x64
		{7D8EF4A9-68D0-40DF-99F7-C5F0E78E7941}.Release|x64.Build.0 = Release|x64
		{7D8EF4A9-68D0-40DF-99F7-C5F0E78E7941}.Release|x86.ActiveCfg = Release|Win32
		{7D8EF4A9-68D0-40DF-99F7-C5F0E78E7941}.Release|x86.Build.0 = Release|Win32
		{88647A2C-17F8-4EF5-B8A8-EAA0F38CBDA3}.Debug|x64.ActiveCfg = Debug|x64
		{88647A2C-17F8-4EF5-B8A8-EAA0F38CBDA3}.Debug|x64.Build.0 = Debug|x64
		{88647A2C-17F8-4EF5-B8A8-EAA0F38CBDA3}.Debug|x86.ActiveCfg = Debug|Win32
		{88647A2C-17F8-4EF5-B8A8-EAA0F38CBDA3}.Debug|x86.Build.0 = Debug|Win32
		{88647A2C-17F8-4EF5-B8A8-EAA0F38CBDA3}.Release|x64.ActiveCfg = Release|x64
		{88647A2C-17F8-4EF5-B8A8-EAA0F38CBDA3}.Release|x64.Build.0 = Release|x64
		{88647A2C-17F8-4EF5-B8A8-EAA0F38CBDA3}.Release|x86.ActiveCfg = Release|Win32
		{88647A2C-17F8-4EF5-B8A8-EAA0F38CBDA3}.Release|x86.Build.0 = Release|Win32
		{BEA12625-F51C-4A6E-A98E-C15696D75FED}.Debug|x64.ActiveCfg = Debug|x64
		{BEA12625-F51C-4A6E-A98E-C15696D75FED}.Debug|x64.Build.0 = Debug|x64
		{BEA12625-F51C-4A6E-A98E-C15696D75FED}.Debug|x86.ActiveCfg = Debug|Win32
		{BEA12625-F51C-4A6E-A98E-C15696D75FED}.Debug|x86.Build.0 = Debug|Win32
		{BEA12625-F51C-4A6E-A98E-C15696D75FED}.Release|x64.ActiveCfg = Release|x64
		{BEA12625-F51C-4A6E-A98E-C15696D75FED}.Release|x64.Build.0 = Release|x64
		{BEA12625-F51C-4A6E-A98E-C15696D75FED}.Release|x86.ActiveCfg = Release|Win32
		{BEA12625-F51C-4A6E-A98E-C15696D75FED}.Release|x86.Build.0 = Release|Win32
		{842714E0-60B2-4EED-8B43-0B0BF9DED0D5}.Debug|x64.ActiveCfg = Debug|x64
		{842714E0-60B2-4EED-8B43-0B0BF9DED0D5}.Debug|x64.Build.0 = Debug|x64
		{842714E0-60B2-4EED-8B43-0B0BF9DED0D5}.Debug|x86.ActiveCfg = Debug|Win32
		{842714E0-60B2-4EED-8B43-0B0BF9DED0D5}.Debug|x86.Build.0 = Debug|Win32
		{842714E0-60B2-4EED-8B43-0B0BF9DED0D5}.Release|x64.ActiveCfg = Release|x64
		{842714E0-60B2-4EED-8B43-0B0BF9DED0D5}.Release|x64.Build.0 = Release|x64
		{842714E0-60B2-4EED-8B43-0B0BF9DED0D5}.Release|x86.ActiveCfg = Release|Win32
		{842714E0-60B2-4EED-8B43-0B0BF9DED0D5}.Release|x86.Build.0 = Release|Win32
		{ED7F383F-1EF3-425C-A290-065449CAECC3}.Debug|x64.ActiveCfg = Debug|x64
		{ED7F383F-1EF3-425C-A290-065449CAECC3}.Debug|x64.Build.0 = Debug|x64
		{ED7F383F-1EF3-425C-A290-065449CAECC3}.Debug|x86.ActiveCfg = Debug|Win32
		{ED7F383F-1EF3-425C-A290-065449CAECC3}.Debug|x86.Build.0 = Debug|Win32
		{ED7F383F-1EF3-425C-A290-065449CAECC3}.Release|x64.ActiveCfg = Release|x64
		{ED7F383F-1EF3-425C-A290-065449CAECC3}.Release|x64.Build.0 = Release|x64
		{ED7F383F-1EF3-425C-A290-065449CAECC3}.Release|x86.ActiveCfg = Release|Win32
		{ED7F383F-1EF3-425C-A290-065449CAECC3}.Release|x86.Build.0 = Release|Win32
		{8446A2F0-068A-465C-8590-0FF4995DEA85}.Debug|x64.ActiveCfg = Debug|x64
		{8446A2F0-068A-465C-8590-0FF4995DEA85}.Debug|x64.Build.0 = Debug|x64
		{8446A2F0-068A-465C-8590-0FF4995DEA85}.Debug|x86.ActiveCfg = Debug|Win32
		{8446A2F0-068A-465C-8590-0FF4995DEA85}.Debug|x86.Build.0 = Debug|Win32
		{8446A2F0-068A-465C-8590-0FF4995DEA85}.Release|x64.ActiveCfg = Release|x64
		{8446A2F0-068A-465C-8590-0FF4995DEA85}.Release|x64.Build.0 = Release|x64
		{8446A2F0-068A-465C-8590-0FF4995DEA85}.Release|x86.ActiveCfg = Release|Win32
		{8446A2F0-068A-465C-8590-0FF4995DEA85}.Release|x86.Build.0 = Release|Win32
		{6BAD2F3C-7BF2-4626-BF17-2D63ABB14A38}.Debug|x64.ActiveCfg = Debug|x64
		{6BAD2F3C-7BF2-4626-BF17-2D63ABB14A38}.Debug|x64.Build.0 = Debug|x64
		{6BAD2F3C-7BF2-4626-BF17-2D63ABB14A38}.Debug|x86.ActiveCfg = Debug|Win32
		{6BAD2F3C-7BF2-4626-BF17-2D63ABB14A38}.Debug|x86.Build.0 = Debug|Win32
		{6BAD2F3C-7BF2-4626-BF17-2D63ABB14A38}.Release|x64.ActiveCfg = Release|x64
		{6BAD2F3C-7BF2-4626-BF17-2D63ABB14A38}.Release|x64.Build.0 = Release|x64
		{6BAD2F3C-7BF2-4626-BF17-2D63ABB14A38}.Release|x86.ActiveCfg = Release|Win32
		{6BAD2F3C-7BF2-4626-BF17-2D63ABB14A38}.Release|x86.Build.0 = Release|Win32
		{6CE8E8E2-E64A-48FD-BED8-DEC022A21030}.Debug|x64.ActiveCfg = Debug|x64
		{6CE8E8E2-E64A-48FD-BED8-DEC022A21030}.Debug|x64.Build.0 = Debug|x64
		{6CE8E8E2-E64A-48FD-BED8-DEC022A21030}.Debug|x86.ActiveCfg = Debug|Win32
		{6CE8E8E2-E64A-48FD-BED8-DEC022A21030}.Debug|x86.Build.0 = Debug|Win32
		{6CE8E8E2-E64A-48FD-BED8-DEC022A21030}.Release|x64.ActiveCfg = Release|x64
		{6CE8E8E2-E64A-48FD-BED8-DEC022A21030}.Release|x64.Build.0 = Release|x64
		{6CE8E8E2-E64A-48FD-BED8-DEC022A21030}.Release|x86.ActiveCfg = Release|Win32
		{6CE8E8E2-E64A-48FD-BED8-DEC022A21030}.Release|x86.Build.0 = Release|Win32
		{6586F6AF-027C-4184-AD99-573EF9049169}.Debug|x64.ActiveCfg = Debug|x64
		{6586F6AF-027C-4184-AD99-573EF9049169}.Debug|x64.Build.0 = Debug|x64
		{6586F6AF-027C-4184-AD99-573EF9049169}.Debug|x86.ActiveCfg = Debug|Win32
		{6586F6AF-027C-4184-AD99-573EF9049169}.Debug|x86.Build.0 = Debug|Win32
		{6586F6AF-027C-4184-AD99-573EF9049169}.Release|x64.ActiveCfg = Release|x64
		{6586F6AF-027C-4184-AD99-573EF9049169}.Release|x64.Build.0 = Release|x64
		{6586F6AF-027C-4184-AD99-573EF9049169}.Release|x86.ActiveCfg = Release|Win32
		{6586F6AF-027C-4184-AD99-573EF9049169}.Release|x86.Build.0 = Release|Win32
		{39B10F0B-C495-4E56-89D5-8AE53B856C36}.Debug|x64.ActiveCfg = Debug|x64
		{39B10F0B-C495-4E56-89D5-8AE53B856C36}.Debug|x64.Build.0 = Debug|x64
		{39B10F0B-C495-4E56-89D5-8AE53B856C36}.Debug|x86.ActiveCfg = Debug|Win32
		{39B10F0B-C495-4E56-89D5-8AE53B856C36}.Debug|x86.Build.0 = Debug|Win32
		{39B10F0B-C495-4E56-89D5-8AE53B856C36}.Release|x64.ActiveCfg = Release|x64
		{39B10F0B-C495-4E56-89D5-8AE53B856C36}.Release|x64.Build.0 = Release|x64
		{39B10F0B-C495-4E56-89D5-8AE53B856C36}.Release|x86.ActiveCfg = Release|Win32
		{39B10F0B-C495-4E56-89D5-8AE53B856C36}.Release|x86.Build.0 = Release|Win32
		{7ABF0D40-8D95-41F7-B0E6-C8DC90586412}.Debug|x64.ActiveCfg = Debug|x64
		{7ABF0D40-8D95-41F7-B0E6-C8DC90586412}.Debug|x64.Build.0 = Debug|x64
		{7ABF0D40-8D95-41F7-B0E6-C8DC90586412}.Debug|x86.ActiveCfg = Debug|Win32
		{7ABF0D40-8D95-41F7-B0E6-C8DC90586412}.Debug|x86.Build.0 = Debug|Win32
		{7ABF0D40-8D95-41F7-B0E6-C8DC90586412}.Release|x64.ActiveCfg = Release|x64
		{7ABF0D40-8D95-41F7-B0E6-C8DC90586412}.Release|x64.Build.0 = Release|x64
		{7ABF0D40-8D95-41F7-B0E6-C8DC90586412}.Release|x86.ActiveCfg = Release|Win32
		{7ABF0D40-8D95-41F7-B0E6-C8DC90586412}.Release|x86.Build.0 = Release|Win32
		{1F6E59D2-AAAC-4422-95AA-FD4492FDD6B6}.Debug|x64.ActiveCfg = Debug|x64
		{1F6E59D2-AAAC-4422-95AA-FD4492FDD6B6}.Debug|x64.Build.0 = Debug|x64
		{1F6E59D2-AAAC-4422-95AA-FD4492FDD6B6}.Debug|x86.ActiveCfg = Debug|Win32
		{1F6E59D2-AAAC-4422-95AA-FD4492FDD6B6}.Debug|x86.Build.0 = Debug|Win32
		{1F6E59D2-AAAC-4422-95AA-FD4492FDD6B6}.Release|x64.ActiveCfg = Release|x64
		{1F6E59D2-AAAC-4422-95AA-FD4492FDD6B6}.Release|x64.Build.0 = Release|x64
		{1F6E59D2-AAAC-4422-95AA-FD4492FDD6B6}.Release|x86.ActiveCfg = Release|Win32
		{1F6E59D2-AAAC-4422-95AA-FD4492FDD6B6}.Release|x86.Build.0 = Release|Win32
		{216225F0-5BA6-488A-AA99-EB52C67505F6}.Debug|x64.ActiveCfg = Debug|x64
		{216225F0-5BA6-488A-AA99-EB52C67505F6}.Debug|x64.Build.0 = Debug|x64
		{216225F0-5BA6-488A-AA99-EB52C67505F6}.Debug|x86.ActiveCfg = Debug|Win32
		{216225F0-5BA6-488A-AA99-EB52C67505F6}.Debug|x86.Build.0 = Debug|Win32
		{216225F0-5BA6-488A-AA99-EB52C67505F6}.Release|x64.ActiveCfg = Release|x64
		{216225F0-5BA6-488A-AA99-EB52C67505F6}.Release|x64.Build.0 = Release|x64
		{216225F0-5BA6-488A-AA99-EB52C67505F6}.Release|x86.ActiveCfg = Release|Win32
		{216225F0-5BA6-488A-AA99-EB52C67505F6}.Release|x86.Build.0 = Release|Win32
		{EC226708-16EF-439D-AC4E-2A067655A46B}.Debug|x64.ActiveCfg = Debug|x64
		{EC226708-16EF-439D-AC4E-2A067655A46B}.Debug|x64.Build.0 = Debug|x64
		{EC226708-16EF-439D-AC4E-2A067655A46B}.Debug|x86.ActiveCfg = Debug|Win32
		{EC226708-16EF-439D-AC4E-2A067655A46B}.Debug|x86.Build.0 = Debug|Win32
		{EC226708-16EF-439D-AC4E-2A067655A46B}.Release|x64.ActiveCfg = Release|x64
		{EC226708-16EF-439D-AC4E-2A067655A46B}.Release|x64.Build.0 = Release|x64
		{EC226708-16EF-439D-AC4E-2A067655A46B}.Release|x86.ActiveCfg = Release|Win32
		{EC226708-16EF-439D-AC4E-2A067655A46B}.Release|x86.Build.0 = Release|Win32
	EndGlobalSection
	GlobalSection(SolutionProperties) = preSolution
		HideSolutionNode = FALSE
	EndGlobalSection
	GlobalSection(ExtensibilityGlobals) = postSolution
		SolutionGuid = {EDB5F5E4-FD82-421A-B022-11FEA90948AE}
	EndGlobalSection
EndGlobal
